
Microsoft Visual Studio Solution File, Format Version 12.00
# Visual Studio Version 16
VisualStudioVersion = 16.0.31205.134
MinimumVisualStudioVersion = 10.0.40219.1
Project("{FAE04EC0-301F-11D3-BF4B-00C04F79EFBC}") = "SliderComponent", "SliderComponent\SliderComponent.csproj", "{F40D162E-F13C-40E2-8700-7F7F44F468DB}"
EndProject
Global
	GlobalSection(SolutionConfigurationPlatforms) = preSolution
		Debug|Any CPU = Debug|Any CPU
		Release|Any CPU = Release|Any CPU
	EndGlobalSection
	GlobalSection(ProjectConfigurationPlatforms) = postSolution
		{F40D162E-F13C-40E2-8700-7F7F44F468DB}.Debug|Any CPU.ActiveCfg = Debug|Any CPU
		{F40D162E-F13C-40E2-8700-7F7F44F468DB}.Debug|Any CPU.Build.0 = Debug|Any CPU
		{F40D162E-F13C-40E2-8700-7F7F44F468DB}.Release|Any CPU.ActiveCfg = Release|Any CPU
		{F40D162E-F13C-40E2-8700-7F7F44F468DB}.Release|Any CPU.Build.0 = Release|Any CPU
	EndGlobalSection
	GlobalSection(SolutionProperties) = preSolution
		HideSolutionNode = FALSE
	EndGlobalSection
	GlobalSection(ExtensibilityGlobals) = postSolution
		SolutionGuid = {32FBB6A9-2853-481F-B334-6C287D43E950}
	EndGlobalSection
EndGlobal
